// !$*UTF8*$!
{
	archiveVersion = 1;
	classes = {
	};
	objectVersion = 50;
	objects = {

/* Begin PBXBuildFile section */
		3D13F28A2533EB82007BA788 /* KeychainItem.swift in Sources */ = {isa = PBXBuildFile; fileRef = 3D13F2892533EB82007BA788 /* KeychainItem.swift */; };
		3DBCA4302533657A0047E525 /* AppDelegate.swift in Sources */ = {isa = PBXBuildFile; fileRef = 3DBCA42F2533657A0047E525 /* AppDelegate.swift */; };
		3DBCA4322533657A0047E525 /* SceneDelegate.swift in Sources */ = {isa = PBXBuildFile; fileRef = 3DBCA4312533657A0047E525 /* SceneDelegate.swift */; };
		3DBCA4342533657A0047E525 /* ViewController.swift in Sources */ = {isa = PBXBuildFile; fileRef = 3DBCA4332533657A0047E525 /* ViewController.swift */; };
		3DBCA4372533657A0047E525 /* Main.storyboard in Resources */ = {isa = PBXBuildFile; fileRef = 3DBCA4352533657A0047E525 /* Main.storyboard */; };
		3DBCA4392533657A0047E525 /* Assets.xcassets in Resources */ = {isa = PBXBuildFile; fileRef = 3DBCA4382533657A0047E525 /* Assets.xcassets */; };
		3DBCA43C2533657A0047E525 /* LaunchScreen.storyboard in Resources */ = {isa = PBXBuildFile; fileRef = 3DBCA43A2533657A0047E525 /* LaunchScreen.storyboard */; };
		3DBCA44525336B3F0047E525 /* ResultViewController.swift in Sources */ = {isa = PBXBuildFile; fileRef = 3DBCA44425336B3F0047E525 /* ResultViewController.swift */; };
/* End PBXBuildFile section */

/* Begin PBXFileReference section */
		3D13F2892533EB82007BA788 /* KeychainItem.swift */ = {isa = PBXFileReference; lastKnownFileType = sourcecode.swift; path = KeychainItem.swift; sourceTree = "<group>"; };
		3D13F28D2533F859007BA788 /* SignInWithApple-Sample.entitlements */ = {isa = PBXFileReference; lastKnownFileType = text.plist.entitlements; path = "SignInWithApple-Sample.entitlements"; sourceTree = "<group>"; };
		3DBCA42C2533657A0047E525 /* SignInWithApple-Sample.app */ = {isa = PBXFileReference; explicitFileType = wrapper.application; includeInIndex = 0; path = "SignInWithApple-Sample.app"; sourceTree = BUILT_PRODUCTS_DIR; };
		3DBCA42F2533657A0047E525 /* AppDelegate.swift */ = {isa = PBXFileReference; lastKnownFileType = sourcecode.swift; path = AppDelegate.swift; sourceTree = "<group>"; };
		3DBCA4312533657A0047E525 /* SceneDelegate.swift */ = {isa = PBXFileReference; lastKnownFileType = sourcecode.swift; path = SceneDelegate.swift; sourceTree = "<group>"; };
		3DBCA4332533657A0047E525 /* ViewController.swift */ = {isa = PBXFileReference; lastKnownFileType = sourcecode.swift; path = ViewController.swift; sourceTree = "<group>"; };
		3DBCA4362533657A0047E525 /* Base */ = {isa = PBXFileReference; lastKnownFileType = file.storyboard; name = Base; path = Base.lproj/Main.storyboard; sourceTree = "<group>"; };
		3DBCA4382533657A0047E525 /* Assets.xcassets */ = {isa = PBXFileReference; lastKnownFileType = folder.assetcatalog; path = Assets.xcassets; sourceTree = "<group>"; };
		3DBCA43B2533657A0047E525 /* Base */ = {isa = PBXFileReference; lastKnownFileType = file.storyboard; name = Base; path = Base.lproj/LaunchScreen.storyboard; sourceTree = "<group>"; };
		3DBCA43D2533657A0047E525 /* Info.plist */ = {isa = PBXFileReference; lastKnownFileType = text.plist.xml; path = Info.plist; sourceTree = "<group>"; };
		3DBCA44425336B3F0047E525 /* ResultViewController.swift */ = {isa = PBXFileReference; lastKnownFileType = sourcecode.swift; path = ResultViewController.swift; sourceTree = "<group>"; };
/* End PBXFileReference section */

/* Begin PBXFrameworksBuildPhase section */
		3DBCA4292533657A0047E525 /* Frameworks */ = {
			isa = PBXFrameworksBuildPhase;
			buildActionMask = 2147483647;
			files = (
			);
			runOnlyForDeploymentPostprocessing = 0;
		};
/* End PBXFrameworksBuildPhase section */

/* Begin PBXGroup section */
		3DBCA4232533657A0047E525 = {
			isa = PBXGroup;
			children = (
				3DBCA42E2533657A0047E525 /* SignInWithApple-Sample */,
				3DBCA42D2533657A0047E525 /* Products */,
			);
			sourceTree = "<group>";
		};
		3DBCA42D2533657A0047E525 /* Products */ = {
			isa = PBXGroup;
			children = (
				3DBCA42C2533657A0047E525 /* SignInWithApple-Sample.app */,
			);
			name = Products;
			sourceTree = "<group>";
		};
		3DBCA42E2533657A0047E525 /* SignInWithApple-Sample */ = {
			isa = PBXGroup;
			children = (
				3D13F28D2533F859007BA788 /* SignInWithApple-Sample.entitlements */,
				3DBCA42F2533657A0047E525 /* AppDelegate.swift */,
				3DBCA4312533657A0047E525 /* SceneDelegate.swift */,
				3D13F2892533EB82007BA788 /* KeychainItem.swift */,
				3DBCA4332533657A0047E525 /* ViewController.swift */,
				3DBCA44425336B3F0047E525 /* ResultViewController.swift */,
				3DBCA4352533657A0047E525 /* Main.storyboard */,
				3DBCA4382533657A0047E525 /* Assets.xcassets */,
				3DBCA43A2533657A0047E525 /* LaunchScreen.storyboard */,
				3DBCA43D2533657A0047E525 /* Info.plist */,
			);
			path = "SignInWithApple-Sample";
			sourceTree = "<group>";
		};
/* End PBXGroup section */

/* Begin PBXNativeTarget section */
		3DBCA42B2533657A0047E525 /* SignInWithApple-Sample */ = {
			isa = PBXNativeTarget;
			buildConfigurationList = 3DBCA4402533657A0047E525 /* Build configuration list for PBXNativeTarget "SignInWithApple-Sample" */;
			buildPhases = (
				3DBCA4282533657A0047E525 /* Sources */,
				3DBCA4292533657A0047E525 /* Frameworks */,
				3DBCA42A2533657A0047E525 /* Resources */,
			);
			buildRules = (
			);
			dependencies = (
			);
			name = "SignInWithApple-Sample";
			productName = "SignInWithApple-Sample";
			productReference = 3DBCA42C2533657A0047E525 /* SignInWithApple-Sample.app */;
			productType = "com.apple.product-type.application";
		};
/* End PBXNativeTarget section */

/* Begin PBXProject section */
		3DBCA4242533657A0047E525 /* Project object */ = {
			isa = PBXProject;
			attributes = {
				LastSwiftUpdateCheck = 1200;
				LastUpgradeCheck = 1200;
				TargetAttributes = {
					3DBCA42B2533657A0047E525 = {
						CreatedOnToolsVersion = 12.0;
					};
				};
			};
			buildConfigurationList = 3DBCA4272533657A0047E525 /* Build configuration list for PBXProject "SignInWithApple-Sample" */;
			compatibilityVersion = "Xcode 9.3";
			developmentRegion = en;
			hasScannedForEncodings = 0;
			knownRegions = (
				en,
				Base,
			);
			mainGroup = 3DBCA4232533657A0047E525;
			productRefGroup = 3DBCA42D2533657A0047E525 /* Products */;
			projectDirPath = "";
			projectRoot = "";
			targets = (
				3DBCA42B2533657A0047E525 /* SignInWithApple-Sample */,
			);
		};
/* End PBXProject section */

/* Begin PBXResourcesBuildPhase section */
		3DBCA42A2533657A0047E525 /* Resources */ = {
			isa = PBXResourcesBuildPhase;
			buildActionMask = 2147483647;
			files = (
				3DBCA43C2533657A0047E525 /* LaunchScreen.storyboard in Resources */,
				3DBCA4392533657A0047E525 /* Assets.xcassets in Resources */,
				3DBCA4372533657A0047E525 /* Main.storyboard in Resources */,
			);
			runOnlyForDeploymentPostprocessing = 0;
		};
/* End PBXResourcesBuildPhase section */

/* Begin PBXSourcesBuildPhase section */
		3DBCA4282533657A0047E525 /* Sources */ = {
			isa = PBXSourcesBuildPhase;
			buildActionMask = 2147483647;
			files = (
				3DBCA4342533657A0047E525 /* ViewController.swift in Sources */,
				3DBCA4302533657A0047E525 /* AppDelegate.swift in Sources */,
				3D13F28A2533EB82007BA788 /* KeychainItem.swift in Sources */,
				3DBCA4322533657A0047E525 /* SceneDelegate.swift in Sources */,
				3DBCA44525336B3F0047E525 /* ResultViewController.swift in Sources */,
			);
			runOnlyForDeploymentPostprocessing = 0;
		};
/* End PBXSourcesBuildPhase section */

/* Begin PBXVariantGroup section */
		3DBCA4352533657A0047E525 /* Main.storyboard */ = {
			isa = PBXVariantGroup;
			children = (
				3DBCA4362533657A0047E525 /* Base */,
			);
			name = Main.storyboard;
			sourceTree = "<group>";
		};
		3DBCA43A2533657A0047E525 /* LaunchScreen.storyboard */ = {
			isa = PBXVariantGroup;
			children = (
				3DBCA43B2533657A0047E525 /* Base */,
			);
			name = LaunchScreen.storyboard;
			sourceTree = "<group>";
		};
/* End PBXVariantGroup section */

/* Begin XCBuildConfiguration section */
		3DBCA43E2533657A0047E525 /* Debug */ = {
			isa = XCBuildConfiguration;
			buildSettings = {
				ALWAYS_SEARCH_USER_PATHS = NO;
				CLANG_ANALYZER_NONNULL = YES;
				CLANG_ANALYZER_NUMBER_OBJECT_CONVERSION = YES_AGGRESSIVE;
				CLANG_CXX_LANGUAGE_STANDARD = "gnu++14";
				CLANG_CXX_LIBRARY = "libc++";
				CLANG_ENABLE_MODULES = YES;
				CLANG_ENABLE_OBJC_ARC = YES;
				CLANG_ENABLE_OBJC_WEAK = YES;
				CLANG_WARN_BLOCK_CAPTURE_AUTORELEASING = YES;
				CLANG_WARN_BOOL_CONVERSION = YES;
				CLANG_WARN_COMMA = YES;
				CLANG_WARN_CONSTANT_CONVERSION = YES;
				CLANG_WARN_DEPRECATED_OBJC_IMPLEMENTATIONS = YES;
				CLANG_WARN_DIRECT_OBJC_ISA_USAGE = YES_ERROR;
				CLANG_WARN_DOCUMENTATION_COMMENTS = YES;
				CLANG_WARN_EMPTY_BODY = YES;
				CLANG_WARN_ENUM_CONVERSION = YES;
				CLANG_WARN_INFINITE_RECURSION = YES;
				CLANG_WARN_INT_CONVERSION = YES;
				CLANG_WARN_NON_LITERAL_NULL_CONVERSION = YES;
				CLANG_WARN_OBJC_IMPLICIT_RETAIN_SELF = YES;
				CLANG_WARN_OBJC_LITERAL_CONVERSION = YES;
				CLANG_WARN_OBJC_ROOT_CLASS = YES_ERROR;
				CLANG_WARN_QUOTED_INCLUDE_IN_FRAMEWORK_HEADER = YES;
				CLANG_WARN_RANGE_LOOP_ANALYSIS = YES;
				CLANG_WARN_STRICT_PROTOTYPES = YES;
				CLANG_WARN_SUSPICIOUS_MOVE = YES;
				CLANG_WARN_UNGUARDED_AVAILABILITY = YES_AGGRESSIVE;
				CLANG_WARN_UNREACHABLE_CODE = YES;
				CLANG_WARN__DUPLICATE_METHOD_MATCH = YES;
				COPY_PHASE_STRIP = NO;
				DEBUG_INFORMATION_FORMAT = dwarf;
				ENABLE_STRICT_OBJC_MSGSEND = YES;
				ENABLE_TESTABILITY = YES;
				GCC_C_LANGUAGE_STANDARD = gnu11;
				GCC_DYNAMIC_NO_PIC = NO;
				GCC_NO_COMMON_BLOCKS = YES;
				GCC_OPTIMIZATION_LEVEL = 0;
				GCC_PREPROCESSOR_DEFINITIONS = (
					"DEBUG=1",
					"$(inherited)",
				);
				GCC_WARN_64_TO_32_BIT_CONVERSION = YES;
				GCC_WARN_ABOUT_RETURN_TYPE = YES_ERROR;
				GCC_WARN_UNDECLARED_SELECTOR = YES;
				GCC_WARN_UNINITIALIZED_AUTOS = YES_AGGRESSIVE;
				GCC_WARN_UNUSED_FUNCTION = YES;
				GCC_WARN_UNUSED_VARIABLE = YES;
				IPHONEOS_DEPLOYMENT_TARGET = 14.0;
				MTL_ENABLE_DEBUG_INFO = INCLUDE_SOURCE;
				MTL_FAST_MATH = YES;
				ONLY_ACTIVE_ARCH = YES;
				SDKROOT = iphoneos;
				SWIFT_ACTIVE_COMPILATION_CONDITIONS = DEBUG;
				SWIFT_OPTIMIZATION_LEVEL = "-Onone";
			};
			name = Debug;
		};
		3DBCA43F2533657A0047E525 /* Release */ = {
			isa = XCBuildConfiguration;
			buildSettings = {
				ALWAYS_SEARCH_USER_PATHS = NO;
				CLANG_ANALYZER_NONNULL = YES;
				CLANG_ANALYZER_NUMBER_OBJECT_CONVERSION = YES_AGGRESSIVE;
				CLANG_CXX_LANGUAGE_STANDARD = "gnu++14";
				CLANG_CXX_LIBRARY = "libc++";
				CLANG_ENABLE_MODULES = YES;
				CLANG_ENABLE_OBJC_ARC = YES;
				CLANG_ENABLE_OBJC_WEAK = YES;
				CLANG_WARN_BLOCK_CAPTURE_AUTORELEASING = YES;
				CLANG_WARN_BOOL_CONVERSION = YES;
				CLANG_WARN_COMMA = YES;
				CLANG_WARN_CONSTANT_CONVERSION = YES;
				CLANG_WARN_DEPRECATED_OBJC_IMPLEMENTATIONS = YES;
				CLANG_WARN_DIRECT_OBJC_ISA_USAGE = YES_ERROR;
				CLANG_WARN_DOCUMENTATION_COMMENTS = YES;
				CLANG_WARN_EMPTY_BODY = YES;
				CLANG_WARN_ENUM_CONVERSION = YES;
				CLANG_WARN_INFINITE_RECURSION = YES;
				CLANG_WARN_INT_CONVERSION = YES;
				CLANG_WARN_NON_LITERAL_NULL_CONVERSION = YES;
				CLANG_WARN_OBJC_IMPLICIT_RETAIN_SELF = YES;
				CLANG_WARN_OBJC_LITERAL_CONVERSION = YES;
				CLANG_WARN_OBJC_ROOT_CLASS = YES_ERROR;
				CLANG_WARN_QUOTED_INCLUDE_IN_FRAMEWORK_HEADER = YES;
				CLANG_WARN_RANGE_LOOP_ANALYSIS = YES;
				CLANG_WARN_STRICT_PROTOTYPES = YES;
				CLANG_WARN_SUSPICIOUS_MOVE = YES;
				CLANG_WARN_UNGUARDED_AVAILABILITY = YES_AGGRESSIVE;
				CLANG_WARN_UNREACHABLE_CODE = YES;
				CLANG_WARN__DUPLICATE_METHOD_MATCH = YES;
				COPY_PHASE_STRIP = NO;
				DEBUG_INFORMATION_FORMAT = "dwarf-with-dsym";
				ENABLE_NS_ASSERTIONS = NO;
				ENABLE_STRICT_OBJC_MSGSEND = YES;
				GCC_C_LANGUAGE_STANDARD = gnu11;
				GCC_NO_COMMON_BLOCKS = YES;
				GCC_WARN_64_TO_32_BIT_CONVERSION = YES;
				GCC_WARN_ABOUT_RETURN_TYPE = YES_ERROR;
				GCC_WARN_UNDECLARED_SELECTOR = YES;
				GCC_WARN_UNINITIALIZED_AUTOS = YES_AGGRESSIVE;
				GCC_WARN_UNUSED_FUNCTION = YES;
				GCC_WARN_UNUSED_VARIABLE = YES;
				IPHONEOS_DEPLOYMENT_TARGET = 14.0;
				MTL_ENABLE_DEBUG_INFO = NO;
				MTL_FAST_MATH = YES;
				SDKROOT = iphoneos;
				SWIFT_COMPILATION_MODE = wholemodule;
				SWIFT_OPTIMIZATION_LEVEL = "-O";
				VALIDATE_PRODUCT = YES;
			};
			name = Release;
		};
		3DBCA4412533657A0047E525 /* Debug */ = {
			isa = XCBuildConfiguration;
			buildSettings = {
				ASSETCATALOG_COMPILER_APPICON_NAME = AppIcon;
				ASSETCATALOG_COMPILER_GLOBAL_ACCENT_COLOR_NAME = AccentColor;
				CODE_SIGN_ENTITLEMENTS = "SignInWithApple-Sample/SignInWithApple-Sample.entitlements";
				CODE_SIGN_STYLE = Automatic;
				DEVELOPMENT_TEAM = YPH4FFR3Z3;
				INFOPLIST_FILE = "SignInWithApple-Sample/Info.plist";
				IPHONEOS_DEPLOYMENT_TARGET = 13.0;
				LD_RUNPATH_SEARCH_PATHS = (
					"$(inherited)",
					"@executable_path/Frameworks",
				);
				PRODUCT_BUNDLE_IDENTIFIER = "com.Napra.SignInWithApple-Sample";
				PRODUCT_NAME = "$(TARGET_NAME)";
				SWIFT_VERSION = 5.0;
				TARGETED_DEVICE_FAMILY = "1,2";
			};
			name = Debug;
		};
		3DBCA4422533657A0047E525 /* Release */ = {
			isa = XCBuildConfiguration;
			buildSettings = {
				ASSETCATALOG_COMPILER_APPICON_NAME = AppIcon;
				ASSETCATALOG_COMPILER_GLOBAL_ACCENT_COLOR_NAME = AccentColor;
				CODE_SIGN_ENTITLEMENTS = "SignInWithApple-Sample/SignInWithApple-Sample.entitlements";
				CODE_SIGN_STYLE = Automatic;
				DEVELOPMENT_TEAM = YPH4FFR3Z3;
				INFOPLIST_FILE = "SignInWithApple-Sample/Info.plist";
				IPHONEOS_DEPLOYMENT_TARGET = 13.0;
				LD_RUNPATH_SEARCH_PATHS = (
					"$(inherited)",
					"@executable_path/Frameworks",
				);
				PRODUCT_BUNDLE_IDENTIFIER = "com.Napra.SignInWithApple-Sample";
				PRODUCT_NAME = "$(TARGET_NAME)";
				SWIFT_VERSION = 5.0;
				TARGETED_DEVICE_FAMILY = "1,2";
			};
			name = Release;
		};
/* End XCBuildConfiguration section */

/* Begin XCConfigurationList section */
		3DBCA4272533657A0047E525 /* Build configuration list for PBXProject "SignInWithApple-Sample" */ = {
			isa = XCConfigurationList;
			buildConfigurations = (
				3DBCA43E2533657A0047E525 /* Debug */,
				3DBCA43F2533657A0047E525 /* Release */,
			);
			defaultConfigurationIsVisible = 0;
			defaultConfigurationName = Release;
		};
		3DBCA4402533657A0047E525 /* Build configuration list for PBXNativeTarget "SignInWithApple-Sample" */ = {
			isa = XCConfigurationList;
			buildConfigurations = (
				3DBCA4412533657A0047E525 /* Debug */,
				3DBCA4422533657A0047E525 /* Release */,
			);
			defaultConfigurationIsVisible = 0;
			defaultConfigurationName = Release;
		};
/* End XCConfigurationList section */
	};
	rootObject = 3DBCA4242533657A0047E525 /* Project object */;
}
